
Microsoft Visual Studio Solution File, Format Version 12.00
# Visual Studio 15
VisualStudioVersion = 15.0.28010.2026
MinimumVisualStudioVersion = 10.0.40219.1
Project("{FAE04EC0-301F-11D3-BF4B-00C04F79EFBC}") = "satViewApp1", "satViewApp1\satViewApp1.csproj", "{7F5715A6-0170-48B9-BF80-48500F68AD1E}"
EndProject
Global
	GlobalSection(SolutionConfigurationPlatforms) = preSolution
		Debug|Any CPU = Debug|Any CPU
		Release|Any CPU = Release|Any CPU
	EndGlobalSection
	GlobalSection(ProjectConfigurationPlatforms) = postSolution
		{7F5715A6-0170-48B9-BF80-48500F68AD1E}.Debug|Any CPU.ActiveCfg = Debug|Any CPU
		{7F5715A6-0170-48B9-BF80-48500F68AD1E}.Debug|Any CPU.Build.0 = Debug|Any CPU
		{7F5715A6-0170-48B9-BF80-48500F68AD1E}.Release|Any CPU.ActiveCfg = Release|Any CPU
		{7F5715A6-0170-48B9-BF80-48500F68AD1E}.Release|Any CPU.Build.0 = Release|Any CPU
	EndGlobalSection
	GlobalSection(SolutionProperties) = preSolution
		HideSolutionNode = FALSE
	EndGlobalSection
	GlobalSection(ExtensibilityGlobals) = postSolution
		SolutionGuid = {CCDE252D-3E91-4FE2-9A47-E43D16989F55}
	EndGlobalSection
EndGlobal
